
Microsoft Visual Studio Solution File, Format Version 12.00
# Visual Studio Version 17
VisualStudioVersion = 17.10.34928.147
MinimumVisualStudioVersion = 10.0.40219.1
Project("{FAE04EC0-301F-11D3-BF4B-00C04F79EFBC}") = "DemoCICD", "DemoCICD\DemoCICD.csproj", "{6C4179A7-B047-442C-8745-47BA2B2EEE8D}"
EndProject
Global
	GlobalSection(SolutionConfigurationPlatforms) = preSolution
		Debug|Any CPU = Debug|Any CPU
		Release|Any CPU = Release|Any CPU
	EndGlobalSection
	GlobalSection(ProjectConfigurationPlatforms) = postSolution
		{6C4179A7-B047-442C-8745-47BA2B2EEE8D}.Debug|Any CPU.ActiveCfg = Debug|Any CPU
		{6C4179A7-B047-442C-8745-47BA2B2EEE8D}.Debug|Any CPU.Build.0 = Debug|Any CPU
		{6C4179A7-B047-442C-8745-47BA2B2EEE8D}.Release|Any CPU.ActiveCfg = Release|Any CPU
		{6C4179A7-B047-442C-8745-47BA2B2EEE8D}.Release|Any CPU.Build.0 = Release|Any CPU
	EndGlobalSection
	GlobalSection(SolutionProperties) = preSolution
		HideSolutionNode = FALSE
	EndGlobalSection
	GlobalSection(ExtensibilityGlobals) = postSolution
		SolutionGuid = {29A0B3FD-C632-4D3A-8A2B-DBE65E6E4F2D}
	EndGlobalSection
EndGlobal
